github.com/go-telegram-bot-api/telegram-bot-api/v5 v5.5.1 h1:wG8n/XJQ07TmjbITcGiUaOtXxdrINDz1b0J1w0SzqDc=
github.com/go-telegram-bot-api/telegram-bot-api/v5 v5.5.1/go.mod h1:A2S0CWkNylc2phvKXWBBdD3K0iGnDBGbzRpISP2zBl8=
github.com/lib/pq v1.10.9 h1:YXG7RB+JIjhP29X+OtkiDnYaXQwpS4JEWq7dtCCRUEw=
github.com/lib/pq v1.10.9/go.mod h1:AlVN5x4E4T544tWzH6hKfbfQvm3HdbOxrmggDNAPY9o=
github.com/vandi37/TgLoggerApi v0.0.1 h1:DTWcA/SJJL/S9Q8vxOPsbWi6RiakE7Ro9avwPZJklDU=
github.com/vandi37/TgLoggerApi v0.0.1/go.mod h1:xhimcMN6HrK781RJA6hEytzYTBjBMUfvBTBFA90MZf0=
github.com/vandi37/vanerrors v0.7.1 h1:IkM1+MtWDg7Ulc35EtL3Ou9jYSTNUClvvq/UIuZ0sUE=
github.com/vandi37/vanerrors v0.7.1/go.mod h1:cwaqK87noSqIt+SW3vjvNyjFnlx4z4tQXdHvEcR7cBs=
github.com/vandi37/vanerrors v1.0.0 h1:7/TQggh4eELkcrXt1Wud1IhxsEBcCIovmfuzVk0gWbY=
github.com/vandi37/vanerrors v1.0.0/go.mod h1:cwaqK87noSqIt+SW3vjvNyjFnlx4z4tQXdHvEcR7cBs=
golang.org/x/crypto v0.32.0 h1:euUpcYgM8WcP71gNpTqQCn6rC2t6ULUPiOzfWaXVVfc=
golang.org/x/crypto v0.32.0/go.mod h1:ZnnJkOaASj8g0AjIduWNlq2NRxL0PlBrbKVyZ6V/Ugc=
golang.org/x/sys v0.29.0 h1:TPYlXGxvx1MGTn2GiZDhnjPA9wZzZeGKHHmKhHYvgaU=
golang.org/x/sys v0.29.0/go.mod h1:/VUhepiaJMQUp4+oa/7Zr1D23ma6VTLIYjOOTFZPUcA=
gopkg.in/check.v1 v0.0.0-20161208181325-20d25e280405 h1:yhCVgyC4o1eVCa2tZl7eS0r+SDo693bJlVdllGtEeKM=
gopkg.in/check.v1 v0.0.0-20161208181325-20d25e280405/go.mod h1:Co6ibVJAznAaIkqp8huTwlJQCZ016jof/cbN4VW5Yz0=
gopkg.in/yaml.v3 v3.0.1 h1:fxVm/GzAzEWqLHuvctI91KS9hhNmmWOoWu0XTYJS7CA=
gopkg.in/yaml.v3 v3.0.1/go.mod h1:K4uyk7z7BCEPqu6E+C64Yfv1cQ7kz7rIZviUmN+EgEM=
